
Microsoft Visual Studio Solution File, Format Version 12.00
# Visual Studio Version 17
VisualStudioVersion = 17.9.34728.123
MinimumVisualStudioVersion = 10.0.40219.1
Project("{9A19103F-16F7-4668-BE54-9A1E7A4F7556}") = "Bai1", "Bai1\Bai1.csproj", "{EB1A396D-3D09-47B4-8A3E-8EBA78FBFAB4}"
EndProject
Project("{FAE04EC0-301F-11D3-BF4B-00C04F79EFBC}") = "Bai2", "Bai2\Bai2.csproj", "{543EEC60-21FE-4030-BB42-BDA4935994A9}"
EndProject
Global
	GlobalSection(SolutionConfigurationPlatforms) = preSolution
		Debug|Any CPU = Debug|Any CPU
		Release|Any CPU = Release|Any CPU
	EndGlobalSection
	GlobalSection(ProjectConfigurationPlatforms) = postSolution
		{EB1A396D-3D09-47B4-8A3E-8EBA78FBFAB4}.Debug|Any CPU.ActiveCfg = Debug|Any CPU
		{EB1A396D-3D09-47B4-8A3E-8EBA78FBFAB4}.Debug|Any CPU.Build.0 = Debug|Any CPU
		{EB1A396D-3D09-47B4-8A3E-8EBA78FBFAB4}.Release|Any CPU.ActiveCfg = Release|Any CPU
		{EB1A396D-3D09-47B4-8A3E-8EBA78FBFAB4}.Release|Any CPU.Build.0 = Release|Any CPU
		{543EEC60-21FE-4030-BB42-BDA4935994A9}.Debug|Any CPU.ActiveCfg = Debug|Any CPU
		{543EEC60-21FE-4030-BB42-BDA4935994A9}.Debug|Any CPU.Build.0 = Debug|Any CPU
		{543EEC60-21FE-4030-BB42-BDA4935994A9}.Release|Any CPU.ActiveCfg = Release|Any CPU
		{543EEC60-21FE-4030-BB42-BDA4935994A9}.Release|Any CPU.Build.0 = Release|Any CPU
	EndGlobalSection
	GlobalSection(SolutionProperties) = preSolution
		HideSolutionNode = FALSE
	EndGlobalSection
	GlobalSection(ExtensibilityGlobals) = postSolution
		SolutionGuid = {2FB65A6C-53F6-4DAC-AD05-EB7BB87BD8E3}
	EndGlobalSection
EndGlobal
