
Microsoft Visual Studio Solution File, Format Version 12.00
# Visual Studio Version 17
VisualStudioVersion = 17.9.34728.123
MinimumVisualStudioVersion = 10.0.40219.1
Project("{9A19103F-16F7-4668-BE54-9A1E7A4F7556}") = "Bai1", "Bai1\Bai1.csproj", "{95EB0B63-9852-4C65-92D7-CB0E0CFC0675}"
EndProject
Project("{9A19103F-16F7-4668-BE54-9A1E7A4F7556}") = "Bai3", "Bai3\Bai3.csproj", "{CE72351A-25BE-4ACA-AEB8-C1DEF792B0F4}"
EndProject
Project("{FAE04EC0-301F-11D3-BF4B-00C04F79EFBC}") = "Bai2", "Bai2\Bai2.csproj", "{0BCBE743-2310-43A7-B3FD-F4AE41B992D4}"
EndProject
Global
	GlobalSection(SolutionConfigurationPlatforms) = preSolution
		Debug|Any CPU = Debug|Any CPU
		Release|Any CPU = Release|Any CPU
	EndGlobalSection
	GlobalSection(ProjectConfigurationPlatforms) = postSolution
		{95EB0B63-9852-4C65-92D7-CB0E0CFC0675}.Debug|Any CPU.ActiveCfg = Debug|Any CPU
		{95EB0B63-9852-4C65-92D7-CB0E0CFC0675}.Debug|Any CPU.Build.0 = Debug|Any CPU
		{95EB0B63-9852-4C65-92D7-CB0E0CFC0675}.Release|Any CPU.ActiveCfg = Release|Any CPU
		{95EB0B63-9852-4C65-92D7-CB0E0CFC0675}.Release|Any CPU.Build.0 = Release|Any CPU
		{CE72351A-25BE-4ACA-AEB8-C1DEF792B0F4}.Debug|Any CPU.ActiveCfg = Debug|Any CPU
		{CE72351A-25BE-4ACA-AEB8-C1DEF792B0F4}.Debug|Any CPU.Build.0 = Debug|Any CPU
		{CE72351A-25BE-4ACA-AEB8-C1DEF792B0F4}.Release|Any CPU.ActiveCfg = Release|Any CPU
		{CE72351A-25BE-4ACA-AEB8-C1DEF792B0F4}.Release|Any CPU.Build.0 = Release|Any CPU
		{0BCBE743-2310-43A7-B3FD-F4AE41B992D4}.Debug|Any CPU.ActiveCfg = Debug|Any CPU
		{0BCBE743-2310-43A7-B3FD-F4AE41B992D4}.Debug|Any CPU.Build.0 = Debug|Any CPU
		{0BCBE743-2310-43A7-B3FD-F4AE41B992D4}.Release|Any CPU.ActiveCfg = Release|Any CPU
		{0BCBE743-2310-43A7-B3FD-F4AE41B992D4}.Release|Any CPU.Build.0 = Release|Any CPU
	EndGlobalSection
	GlobalSection(SolutionProperties) = preSolution
		HideSolutionNode = FALSE
	EndGlobalSection
	GlobalSection(ExtensibilityGlobals) = postSolution
		SolutionGuid = {05443633-02FA-4F43-A9CE-31DD5B084974}
	EndGlobalSection
EndGlobal
